PODS:
  - Alamofire (4.0.1)
  - OneSignal (2.2.0)

DEPENDENCIES:
  - Alamofire (~> 4.0)
  - OneSignal

SPEC CHECKSUMS:
  Alamofire: 7682d43245de14874acd142ec137b144aa1dd335
  OneSignal: 689099c1af05d1635a01190c3d9c6b0016971fd5

PODFILE CHECKSUM: a1d7f0bffa4c0a65e28f6bf7da36cc276fc9636e

COCOAPODS: 1.1.1
